
Microsoft Visual Studio Solution File, Format Version 12.00
Project("{FAE04EC0-301F-11D3-BF4B-00C04F79EFBC}") = "WebAPI", "WebAPI\WebAPI.csproj", "{8777FBB2-5B5F-4FA2-806F-3F3A455F6A37}"
EndProject
Project("{FAE04EC0-301F-11D3-BF4B-00C04F79EFBC}") = "StorageBroker", "StorageBroker\StorageBroker.csproj", "{E5462703-5FFF-468D-8338-00AE1A060A99}"
EndProject
Project("{FAE04EC0-301F-11D3-BF4B-00C04F79EFBC}") = "LoggerService", "LoggerService\LoggerService.csproj", "{2DA2C9E0-2EA9-441C-A163-E4C0AFCB73A4}"
EndProject
Project("{FAE04EC0-301F-11D3-BF4B-00C04F79EFBC}") = "Tests", "Tests\Tests.csproj", "{175CFEFA-3DA7-4935-9E59-ADACDD07D405}"
EndProject
Global
	GlobalSection(SolutionConfigurationPlatforms) = preSolution
		Debug|Any CPU = Debug|Any CPU
		Release|Any CPU = Release|Any CPU
	EndGlobalSection
	GlobalSection(ProjectConfigurationPlatforms) = postSolution
		{8777FBB2-5B5F-4FA2-806F-3F3A455F6A37}.Debug|Any CPU.ActiveCfg = Debug|Any CPU
		{8777FBB2-5B5F-4FA2-806F-3F3A455F6A37}.Debug|Any CPU.Build.0 = Debug|Any CPU
		{8777FBB2-5B5F-4FA2-806F-3F3A455F6A37}.Release|Any CPU.ActiveCfg = Release|Any CPU
		{8777FBB2-5B5F-4FA2-806F-3F3A455F6A37}.Release|Any CPU.Build.0 = Release|Any CPU
		{E5462703-5FFF-468D-8338-00AE1A060A99}.Debug|Any CPU.ActiveCfg = Debug|Any CPU
		{E5462703-5FFF-468D-8338-00AE1A060A99}.Debug|Any CPU.Build.0 = Debug|Any CPU
		{E5462703-5FFF-468D-8338-00AE1A060A99}.Release|Any CPU.ActiveCfg = Release|Any CPU
		{E5462703-5FFF-468D-8338-00AE1A060A99}.Release|Any CPU.Build.0 = Release|Any CPU
		{2DA2C9E0-2EA9-441C-A163-E4C0AFCB73A4}.Debug|Any CPU.ActiveCfg = Debug|Any CPU
		{2DA2C9E0-2EA9-441C-A163-E4C0AFCB73A4}.Debug|Any CPU.Build.0 = Debug|Any CPU
		{2DA2C9E0-2EA9-441C-A163-E4C0AFCB73A4}.Release|Any CPU.ActiveCfg = Release|Any CPU
		{2DA2C9E0-2EA9-441C-A163-E4C0AFCB73A4}.Release|Any CPU.Build.0 = Release|Any CPU
		{175CFEFA-3DA7-4935-9E59-ADACDD07D405}.Debug|Any CPU.ActiveCfg = Debug|Any CPU
		{175CFEFA-3DA7-4935-9E59-ADACDD07D405}.Debug|Any CPU.Build.0 = Debug|Any CPU
		{175CFEFA-3DA7-4935-9E59-ADACDD07D405}.Release|Any CPU.ActiveCfg = Release|Any CPU
		{175CFEFA-3DA7-4935-9E59-ADACDD07D405}.Release|Any CPU.Build.0 = Release|Any CPU
	EndGlobalSection
EndGlobal
